
Microsoft Visual Studio Solution File, Format Version 12.00
# Visual Studio Version 16
VisualStudioVersion = 16.0.31729.503
MinimumVisualStudioVersion = 10.0.40219.1
Project("{FAE04EC0-301F-11D3-BF4B-00C04F79EFBC}") = "Books-Project", "Books-Project\Books-Project.csproj", "{7FB5194E-3B22-49B7-9209-FFD260480DEB}"
EndProject
Global
	GlobalSection(SolutionConfigurationPlatforms) = preSolution
		Debug|Any CPU = Debug|Any CPU
		Release|Any CPU = Release|Any CPU
	EndGlobalSection
	GlobalSection(ProjectConfigurationPlatforms) = postSolution
		{7FB5194E-3B22-49B7-9209-FFD260480DEB}.Debug|Any CPU.ActiveCfg = Debug|Any CPU
		{7FB5194E-3B22-49B7-9209-FFD260480DEB}.Debug|Any CPU.Build.0 = Debug|Any CPU
		{7FB5194E-3B22-49B7-9209-FFD260480DEB}.Release|Any CPU.ActiveCfg = Release|Any CPU
		{7FB5194E-3B22-49B7-9209-FFD260480DEB}.Release|Any CPU.Build.0 = Release|Any CPU
	EndGlobalSection
	GlobalSection(SolutionProperties) = preSolution
		HideSolutionNode = FALSE
	EndGlobalSection
	GlobalSection(ExtensibilityGlobals) = postSolution
		SolutionGuid = {67048DC2-69DF-4C53-ADFA-214DAC8E9C0C}
	EndGlobalSection
EndGlobal
